// !$*UTF8*$!
{
	archiveVersion = 1;
	classes = {
	};
	objectVersion = 55;
	objects = {

/* Begin PBXBuildFile section */
		3A324C8427AD89260026EABD /* HandsomeSliderApp.swift in Sources */ = {isa = PBXBuildFile; fileRef = 3A324C8327AD89260026EABD /* HandsomeSliderApp.swift */; };
		3A324C8627AD89260026EABD /* ContentView.swift in Sources */ = {isa = PBXBuildFile; fileRef = 3A324C8527AD89260026EABD /* ContentView.swift */; };
		3A324C8827AD89270026EABD /* Assets.xcassets in Resources */ = {isa = PBXBuildFile; fileRef = 3A324C8727AD89270026EABD /* Assets.xcassets */; };
		3A324C8B27AD89270026EABD /* Preview Assets.xcassets in Resources */ = {isa = PBXBuildFile; fileRef = 3A324C8A27AD89270026EABD /* Preview Assets.xcassets */; };
		3A324C9527AD89270026EABD /* HandsomeSliderTests.swift in Sources */ = {isa = PBXBuildFile; fileRef = 3A324C9427AD89270026EABD /* HandsomeSliderTests.swift */; };
		3A324C9F27AD89270026EABD /* HandsomeSliderUITests.swift in Sources */ = {isa = PBXBuildFile; fileRef = 3A324C9E27AD89270026EABD /* HandsomeSliderUITests.swift */; };
		3A324CA127AD89270026EABD /* HandsomeSliderUITestsLaunchTests.swift in Sources */ = {isa = PBXBuildFile; fileRef = 3A324CA027AD89270026EABD /* HandsomeSliderUITestsLaunchTests.swift */; };
		3A324CB127AD89420026EABD /* HandsomeSlider.swift in Sources */ = {isa = PBXBuildFile; fileRef = 3A324CAD27AD89420026EABD /* HandsomeSlider.swift */; };
		3A324CB227AD89420026EABD /* HandsomeSliderIndicator.swift in Sources */ = {isa = PBXBuildFile; fileRef = 3A324CAE27AD89420026EABD /* HandsomeSliderIndicator.swift */; };
		3A324CB327AD89420026EABD /* HandsomeSliderBackground.swift in Sources */ = {isa = PBXBuildFile; fileRef = 3A324CAF27AD89420026EABD /* HandsomeSliderBackground.swift */; };
		3A324CB627AD897F0026EABD /* HandsomeSliderGesture.swift in Sources */ = {isa = PBXBuildFile; fileRef = 3A324CB527AD897F0026EABD /* HandsomeSliderGesture.swift */; };
		3A838FC327B54F2F0007FB52 /* ArrayExtension.swift in Sources */ = {isa = PBXBuildFile; fileRef = 3A838FC227B54F2F0007FB52 /* ArrayExtension.swift */; };
		3A838FC527B6CDE40007FB52 /* SliderObject.swift in Sources */ = {isa = PBXBuildFile; fileRef = 3A838FC427B6CDE40007FB52 /* SliderObject.swift */; };
		3AFD121527B9382200E19B80 /* SelectionableHelper.swift in Sources */ = {isa = PBXBuildFile; fileRef = 3AFD121427B9382200E19B80 /* SelectionableHelper.swift */; };
		3AFD121727B943B500E19B80 /* HandsomeColorScheme.swift in Sources */ = {isa = PBXBuildFile; fileRef = 3AFD121627B943B500E19B80 /* HandsomeColorScheme.swift */; };
/* End PBXBuildFile section */

/* Begin PBXContainerItemProxy section */
		3A324C9127AD89270026EABD /* PBXContainerItemProxy */ = {
			isa = PBXContainerItemProxy;
			containerPortal = 3A324C7827AD89260026EABD /* Project object */;
			proxyType = 1;
			remoteGlobalIDString = 3A324C7F27AD89260026EABD;
			remoteInfo = HandsomeSlider;
		};
		3A324C9B27AD89270026EABD /* PBXContainerItemProxy */ = {
			isa = PBXContainerItemProxy;
			containerPortal = 3A324C7827AD89260026EABD /* Project object */;
			proxyType = 1;
			remoteGlobalIDString = 3A324C7F27AD89260026EABD;
			remoteInfo = HandsomeSlider;
		};
/* End PBXContainerItemProxy section */

/* Begin PBXFileReference section */
		3A324C8027AD89260026EABD /* HandsomeSlider.app */ = {isa = PBXFileReference; explicitFileType = wrapper.application; includeInIndex = 0; path = HandsomeSlider.app; sourceTree = BUILT_PRODUCTS_DIR; };
		3A324C8327AD89260026EABD /* HandsomeSliderApp.swift */ = {isa = PBXFileReference; lastKnownFileType = sourcecode.swift; path = HandsomeSliderApp.swift; sourceTree = "<group>"; };
		3A324C8527AD89260026EABD /* ContentView.swift */ = {isa = PBXFileReference; lastKnownFileType = sourcecode.swift; path = ContentView.swift; sourceTree = "<group>"; };
		3A324C8727AD89270026EABD /* Assets.xcassets */ = {isa = PBXFileReference; lastKnownFileType = folder.assetcatalog; path = Assets.xcassets; sourceTree = "<group>"; };
		3A324C8A27AD89270026EABD /* Preview Assets.xcassets */ = {isa = PBXFileReference; lastKnownFileType = folder.assetcatalog; path = "Preview Assets.xcassets"; sourceTree = "<group>"; };
		3A324C9027AD89270026EABD /* HandsomeSliderTests.xctest */ = {isa = PBXFileReference; explicitFileType = wrapper.cfbundle; includeInIndex = 0; path = HandsomeSliderTests.xctest; sourceTree = BUILT_PRODUCTS_DIR; };
		3A324C9427AD89270026EABD /* HandsomeSliderTests.swift */ = {isa = PBXFileReference; lastKnownFileType = sourcecode.swift; path = HandsomeSliderTests.swift; sourceTree = "<group>"; };
		3A324C9A27AD89270026EABD /* HandsomeSliderUITests.xctest */ = {isa = PBXFileReference; explicitFileType = wrapper.cfbundle; includeInIndex = 0; path = HandsomeSliderUITests.xctest; sourceTree = BUILT_PRODUCTS_DIR; };
		3A324C9E27AD89270026EABD /* HandsomeSliderUITests.swift */ = {isa = PBXFileReference; lastKnownFileType = sourcecode.swift; path = HandsomeSliderUITests.swift; sourceTree = "<group>"; };
		3A324CA027AD89270026EABD /* HandsomeSliderUITestsLaunchTests.swift */ = {isa = PBXFileReference; lastKnownFileType = sourcecode.swift; path = HandsomeSliderUITestsLaunchTests.swift; sourceTree = "<group>"; };
		3A324CAD27AD89420026EABD /* HandsomeSlider.swift */ = {isa = PBXFileReference; fileEncoding = 4; lastKnownFileType = sourcecode.swift; path = HandsomeSlider.swift; sourceTree = "<group>"; };
		3A324CAE27AD89420026EABD /* HandsomeSliderIndicator.swift */ = {isa = PBXFileReference; fileEncoding = 4; lastKnownFileType = sourcecode.swift; path = HandsomeSliderIndicator.swift; sourceTree = "<group>"; };
		3A324CAF27AD89420026EABD /* HandsomeSliderBackground.swift */ = {isa = PBXFileReference; fileEncoding = 4; lastKnownFileType = sourcecode.swift; path = HandsomeSliderBackground.swift; sourceTree = "<group>"; };
		3A324CB527AD897F0026EABD /* HandsomeSliderGesture.swift */ = {isa = PBXFileReference; fileEncoding = 4; lastKnownFileType = sourcecode.swift; path = HandsomeSliderGesture.swift; sourceTree = "<group>"; };
		3A838FC227B54F2F0007FB52 /* ArrayExtension.swift */ = {isa = PBXFileReference; lastKnownFileType = sourcecode.swift; path = ArrayExtension.swift; sourceTree = "<group>"; };
		3A838FC427B6CDE40007FB52 /* SliderObject.swift */ = {isa = PBXFileReference; lastKnownFileType = sourcecode.swift; path = SliderObject.swift; sourceTree = "<group>"; };
		3AFD121427B9382200E19B80 /* SelectionableHelper.swift */ = {isa = PBXFileReference; lastKnownFileType = sourcecode.swift; path = SelectionableHelper.swift; sourceTree = "<group>"; };
		3AFD121627B943B500E19B80 /* HandsomeColorScheme.swift */ = {isa = PBXFileReference; lastKnownFileType = sourcecode.swift; path = HandsomeColorScheme.swift; sourceTree = "<group>"; };
/* End PBXFileReference section */

/* Begin PBXFrameworksBuildPhase section */
		3A324C7D27AD89260026EABD /* Frameworks */ = {
			isa = PBXFrameworksBuildPhase;
			buildActionMask = 2147483647;
			files = (
			);
			runOnlyForDeploymentPostprocessing = 0;
		};
		3A324C8D27AD89270026EABD /* Frameworks */ = {
			isa = PBXFrameworksBuildPhase;
			buildActionMask = 2147483647;
			files = (
			);
			runOnlyForDeploymentPostprocessing = 0;
		};
		3A324C9727AD89270026EABD /* Frameworks */ = {
			isa = PBXFrameworksBuildPhase;
			buildActionMask = 2147483647;
			files = (
			);
			runOnlyForDeploymentPostprocessing = 0;
		};
/* End PBXFrameworksBuildPhase section */

/* Begin PBXGroup section */
		3A324C7727AD89260026EABD = {
			isa = PBXGroup;
			children = (
				3A324C8227AD89260026EABD /* HandsomeSlider */,
				3A324C9327AD89270026EABD /* HandsomeSliderTests */,
				3A324C9D27AD89270026EABD /* HandsomeSliderUITests */,
				3A324C8127AD89260026EABD /* Products */,
			);
			sourceTree = "<group>";
		};
		3A324C8127AD89260026EABD /* Products */ = {
			isa = PBXGroup;
			children = (
				3A324C8027AD89260026EABD /* HandsomeSlider.app */,
				3A324C9027AD89270026EABD /* HandsomeSliderTests.xctest */,
				3A324C9A27AD89270026EABD /* HandsomeSliderUITests.xctest */,
			);
			name = Products;
			sourceTree = "<group>";
		};
		3A324C8227AD89260026EABD /* HandsomeSlider */ = {
			isa = PBXGroup;
			children = (
				3AFD121627B943B500E19B80 /* HandsomeColorScheme.swift */,
				3AFD121427B9382200E19B80 /* SelectionableHelper.swift */,
				3A838FC427B6CDE40007FB52 /* SliderObject.swift */,
				3A324C8327AD89260026EABD /* HandsomeSliderApp.swift */,
				3A324C8527AD89260026EABD /* ContentView.swift */,
				3A324CAD27AD89420026EABD /* HandsomeSlider.swift */,
				3A324CB527AD897F0026EABD /* HandsomeSliderGesture.swift */,
				3A838FC227B54F2F0007FB52 /* ArrayExtension.swift */,
				3A324CAF27AD89420026EABD /* HandsomeSliderBackground.swift */,
				3A324CAE27AD89420026EABD /* HandsomeSliderIndicator.swift */,
				3A324C8727AD89270026EABD /* Assets.xcassets */,
				3A324C8927AD89270026EABD /* Preview Content */,
			);
			path = HandsomeSlider;
			sourceTree = "<group>";
		};
		3A324C8927AD89270026EABD /* Preview Content */ = {
			isa = PBXGroup;
			children = (
				3A324C8A27AD89270026EABD /* Preview Assets.xcassets */,
			);
			path = "Preview Content";
			sourceTree = "<group>";
		};
		3A324C9327AD89270026EABD /* HandsomeSliderTests */ = {
			isa = PBXGroup;
			children = (
				3A324C9427AD89270026EABD /* HandsomeSliderTests.swift */,
			);
			path = HandsomeSliderTests;
			sourceTree = "<group>";
		};
		3A324C9D27AD89270026EABD /* HandsomeSliderUITests */ = {
			isa = PBXGroup;
			children = (
				3A324C9E27AD89270026EABD /* HandsomeSliderUITests.swift */,
				3A324CA027AD89270026EABD /* HandsomeSliderUITestsLaunchTests.swift */,
			);
			path = HandsomeSliderUITests;
			sourceTree = "<group>";
		};
/* End PBXGroup section */

/* Begin PBXNativeTarget section */
		3A324C7F27AD89260026EABD /* HandsomeSlider */ = {
			isa = PBXNativeTarget;
			buildConfigurationList = 3A324CA427AD89270026EABD /* Build configuration list for PBXNativeTarget "HandsomeSlider" */;
			buildPhases = (
				3A324C7C27AD89260026EABD /* Sources */,
				3A324C7D27AD89260026EABD /* Frameworks */,
				3A324C7E27AD89260026EABD /* Resources */,
			);
			buildRules = (
			);
			dependencies = (
			);
			name = HandsomeSlider;
			productName = HandsomeSlider;
			productReference = 3A324C8027AD89260026EABD /* HandsomeSlider.app */;
			productType = "com.apple.product-type.application";
		};
		3A324C8F27AD89270026EABD /* HandsomeSliderTests */ = {
			isa = PBXNativeTarget;
			buildConfigurationList = 3A324CA727AD89270026EABD /* Build configuration list for PBXNativeTarget "HandsomeSliderTests" */;
			buildPhases = (
				3A324C8C27AD89270026EABD /* Sources */,
				3A324C8D27AD89270026EABD /* Frameworks */,
				3A324C8E27AD89270026EABD /* Resources */,
			);
			buildRules = (
			);
			dependencies = (
				3A324C9227AD89270026EABD /* PBXTargetDependency */,
			);
			name = HandsomeSliderTests;
			productName = HandsomeSliderTests;
			productReference = 3A324C9027AD89270026EABD /* HandsomeSliderTests.xctest */;
			productType = "com.apple.product-type.bundle.unit-test";
		};
		3A324C9927AD89270026EABD /* HandsomeSliderUITests */ = {
			isa = PBXNativeTarget;
			buildConfigurationList = 3A324CAA27AD89270026EABD /* Build configuration list for PBXNativeTarget "HandsomeSliderUITests" */;
			buildPhases = (
				3A324C9627AD89270026EABD /* Sources */,
				3A324C9727AD89270026EABD /* Frameworks */,
				3A324C9827AD89270026EABD /* Resources */,
			);
			buildRules = (
			);
			dependencies = (
				3A324C9C27AD89270026EABD /* PBXTargetDependency */,
			);
			name = HandsomeSliderUITests;
			productName = HandsomeSliderUITests;
			productReference = 3A324C9A27AD89270026EABD /* HandsomeSliderUITests.xctest */;
			productType = "com.apple.product-type.bundle.ui-testing";
		};
/* End PBXNativeTarget section */

/* Begin PBXProject section */
		3A324C7827AD89260026EABD /* Project object */ = {
			isa = PBXProject;
			attributes = {
				BuildIndependentTargetsInParallel = 1;
				LastSwiftUpdateCheck = 1320;
				LastUpgradeCheck = 1320;
				TargetAttributes = {
					3A324C7F27AD89260026EABD = {
						CreatedOnToolsVersion = 13.2.1;
					};
					3A324C8F27AD89270026EABD = {
						CreatedOnToolsVersion = 13.2.1;
						TestTargetID = 3A324C7F27AD89260026EABD;
					};
					3A324C9927AD89270026EABD = {
						CreatedOnToolsVersion = 13.2.1;
						TestTargetID = 3A324C7F27AD89260026EABD;
					};
				};
			};
			buildConfigurationList = 3A324C7B27AD89260026EABD /* Build configuration list for PBXProject "HandsomeSlider" */;
			compatibilityVersion = "Xcode 13.0";
			developmentRegion = en;
			hasScannedForEncodings = 0;
			knownRegions = (
				en,
				Base,
			);
			mainGroup = 3A324C7727AD89260026EABD;
			productRefGroup = 3A324C8127AD89260026EABD /* Products */;
			projectDirPath = "";
			projectRoot = "";
			targets = (
				3A324C7F27AD89260026EABD /* HandsomeSlider */,
				3A324C8F27AD89270026EABD /* HandsomeSliderTests */,
				3A324C9927AD89270026EABD /* HandsomeSliderUITests */,
			);
		};
/* End PBXProject section */

/* Begin PBXResourcesBuildPhase section */
		3A324C7E27AD89260026EABD /* Resources */ = {
			isa = PBXResourcesBuildPhase;
			buildActionMask = 2147483647;
			files = (
				3A324C8B27AD89270026EABD /* Preview Assets.xcassets in Resources */,
				3A324C8827AD89270026EABD /* Assets.xcassets in Resources */,
			);
			runOnlyForDeploymentPostprocessing = 0;
		};
		3A324C8E27AD89270026EABD /* Resources */ = {
			isa = PBXResourcesBuildPhase;
			buildActionMask = 2147483647;
			files = (
			);
			runOnlyForDeploymentPostprocessing = 0;
		};
		3A324C9827AD89270026EABD /* Resources */ = {
			isa = PBXResourcesBuildPhase;
			buildActionMask = 2147483647;
			files = (
			);
			runOnlyForDeploymentPostprocessing = 0;
		};
/* End PBXResourcesBuildPhase section */

/* Begin PBXSourcesBuildPhase section */
		3A324C7C27AD89260026EABD /* Sources */ = {
			isa = PBXSourcesBuildPhase;
			buildActionMask = 2147483647;
			files = (
				3A324CB227AD89420026EABD /* HandsomeSliderIndicator.swift in Sources */,
				3A324CB127AD89420026EABD /* HandsomeSlider.swift in Sources */,
				3AFD121727B943B500E19B80 /* HandsomeColorScheme.swift in Sources */,
				3A324CB327AD89420026EABD /* HandsomeSliderBackground.swift in Sources */,
				3A838FC327B54F2F0007FB52 /* ArrayExtension.swift in Sources */,
				3AFD121527B9382200E19B80 /* SelectionableHelper.swift in Sources */,
				3A324C8627AD89260026EABD /* ContentView.swift in Sources */,
				3A324C8427AD89260026EABD /* HandsomeSliderApp.swift in Sources */,
				3A838FC527B6CDE40007FB52 /* SliderObject.swift in Sources */,
				3A324CB627AD897F0026EABD /* HandsomeSliderGesture.swift in Sources */,
			);
			runOnlyForDeploymentPostprocessing = 0;
		};
		3A324C8C27AD89270026EABD /* Sources */ = {
			isa = PBXSourcesBuildPhase;
			buildActionMask = 2147483647;
			files = (
				3A324C9527AD89270026EABD /* HandsomeSliderTests.swift in Sources */,
			);
			runOnlyForDeploymentPostprocessing = 0;
		};
		3A324C9627AD89270026EABD /* Sources */ = {
			isa = PBXSourcesBuildPhase;
			buildActionMask = 2147483647;
			files = (
				3A324CA127AD89270026EABD /* HandsomeSliderUITestsLaunchTests.swift in Sources */,
				3A324C9F27AD89270026EABD /* HandsomeSliderUITests.swift in Sources */,
			);
			runOnlyForDeploymentPostprocessing = 0;
		};
/* End PBXSourcesBuildPhase section */

/* Begin PBXTargetDependency section */
		3A324C9227AD89270026EABD /* PBXTargetDependency */ = {
			isa = PBXTargetDependency;
			target = 3A324C7F27AD89260026EABD /* HandsomeSlider */;
			targetProxy = 3A324C9127AD89270026EABD /* PBXContainerItemProxy */;
		};
		3A324C9C27AD89270026EABD /* PBXTargetDependency */ = {
			isa = PBXTargetDependency;
			target = 3A324C7F27AD89260026EABD /* HandsomeSlider */;
			targetProxy = 3A324C9B27AD89270026EABD /* PBXContainerItemProxy */;
		};
/* End PBXTargetDependency section */

/* Begin XCBuildConfiguration section */
		3A324CA227AD89270026EABD /* Debug */ = {
			isa = XCBuildConfiguration;
			buildSettings = {
				ALWAYS_SEARCH_USER_PATHS = NO;
				CLANG_ANALYZER_NONNULL = YES;
				CLANG_ANALYZER_NUMBER_OBJECT_CONVERSION = YES_AGGRESSIVE;
				CLANG_CXX_LANGUAGE_STANDARD = "gnu++17";
				CLANG_CXX_LIBRARY = "libc++";
				CLANG_ENABLE_MODULES = YES;
				CLANG_ENABLE_OBJC_ARC = YES;
				CLANG_ENABLE_OBJC_WEAK = YES;
				CLANG_WARN_BLOCK_CAPTURE_AUTORELEASING = YES;
				CLANG_WARN_BOOL_CONVERSION = YES;
				CLANG_WARN_COMMA = YES;
				CLANG_WARN_CONSTANT_CONVERSION = YES;
				CLANG_WARN_DEPRECATED_OBJC_IMPLEMENTATIONS = YES;
				CLANG_WARN_DIRECT_OBJC_ISA_USAGE = YES_ERROR;
				CLANG_WARN_DOCUMENTATION_COMMENTS = YES;
				CLANG_WARN_EMPTY_BODY = YES;
				CLANG_WARN_ENUM_CONVERSION = YES;
				CLANG_WARN_INFINITE_RECURSION = YES;
				CLANG_WARN_INT_CONVERSION = YES;
				CLANG_WARN_NON_LITERAL_NULL_CONVERSION = YES;
				CLANG_WARN_OBJC_IMPLICIT_RETAIN_SELF = YES;
				CLANG_WARN_OBJC_LITERAL_CONVERSION = YES;
				CLANG_WARN_OBJC_ROOT_CLASS = YES_ERROR;
				CLANG_WARN_QUOTED_INCLUDE_IN_FRAMEWORK_HEADER = YES;
				CLANG_WARN_RANGE_LOOP_ANALYSIS = YES;
				CLANG_WARN_STRICT_PROTOTYPES = YES;
				CLANG_WARN_SUSPICIOUS_MOVE = YES;
				CLANG_WARN_UNGUARDED_AVAILABILITY = YES_AGGRESSIVE;
				CLANG_WARN_UNREACHABLE_CODE = YES;
				CLANG_WARN__DUPLICATE_METHOD_MATCH = YES;
				COPY_PHASE_STRIP = NO;
				DEBUG_INFORMATION_FORMAT = dwarf;
				ENABLE_STRICT_OBJC_MSGSEND = YES;
				ENABLE_TESTABILITY = YES;
				GCC_C_LANGUAGE_STANDARD = gnu11;
				GCC_DYNAMIC_NO_PIC = NO;
				GCC_NO_COMMON_BLOCKS = YES;
				GCC_OPTIMIZATION_LEVEL = 0;
				GCC_PREPROCESSOR_DEFINITIONS = (
					"DEBUG=1",
					"$(inherited)",
				);
				GCC_WARN_64_TO_32_BIT_CONVERSION = YES;
				GCC_WARN_ABOUT_RETURN_TYPE = YES_ERROR;
				GCC_WARN_UNDECLARED_SELECTOR = YES;
				GCC_WARN_UNINITIALIZED_AUTOS = YES_AGGRESSIVE;
				GCC_WARN_UNUSED_FUNCTION = YES;
				GCC_WARN_UNUSED_VARIABLE = YES;
				IPHONEOS_DEPLOYMENT_TARGET = 15.2;
				MTL_ENABLE_DEBUG_INFO = INCLUDE_SOURCE;
				MTL_FAST_MATH = YES;
				ONLY_ACTIVE_ARCH = YES;
				SDKROOT = iphoneos;
				SWIFT_ACTIVE_COMPILATION_CONDITIONS = DEBUG;
				SWIFT_OPTIMIZATION_LEVEL = "-Onone";
			};
			name = Debug;
		};
		3A324CA327AD89270026EABD /* Release */ = {
			isa = XCBuildConfiguration;
			buildSettings = {
				ALWAYS_SEARCH_USER_PATHS = NO;
				CLANG_ANALYZER_NONNULL = YES;
				CLANG_ANALYZER_NUMBER_OBJECT_CONVERSION = YES_AGGRESSIVE;
				CLANG_CXX_LANGUAGE_STANDARD = "gnu++17";
				CLANG_CXX_LIBRARY = "libc++";
				CLANG_ENABLE_MODULES = YES;
				CLANG_ENABLE_OBJC_ARC = YES;
				CLANG_ENABLE_OBJC_WEAK = YES;
				CLANG_WARN_BLOCK_CAPTURE_AUTORELEASING = YES;
				CLANG_WARN_BOOL_CONVERSION = YES;
				CLANG_WARN_COMMA = YES;
				CLANG_WARN_CONSTANT_CONVERSION = YES;
				CLANG_WARN_DEPRECATED_OBJC_IMPLEMENTATIONS = YES;
				CLANG_WARN_DIRECT_OBJC_ISA_USAGE = YES_ERROR;
				CLANG_WARN_DOCUMENTATION_COMMENTS = YES;
				CLANG_WARN_EMPTY_BODY = YES;
				CLANG_WARN_ENUM_CONVERSION = YES;
				CLANG_WARN_INFINITE_RECURSION = YES;
				CLANG_WARN_INT_CONVERSION = YES;
				CLANG_WARN_NON_LITERAL_NULL_CONVERSION = YES;
				CLANG_WARN_OBJC_IMPLICIT_RETAIN_SELF = YES;
				CLANG_WARN_OBJC_LITERAL_CONVERSION = YES;
				CLANG_WARN_OBJC_ROOT_CLASS = YES_ERROR;
				CLANG_WARN_QUOTED_INCLUDE_IN_FRAMEWORK_HEADER = YES;
				CLANG_WARN_RANGE_LOOP_ANALYSIS = YES;
				CLANG_WARN_STRICT_PROTOTYPES = YES;
				CLANG_WARN_SUSPICIOUS_MOVE = YES;
				CLANG_WARN_UNGUARDED_AVAILABILITY = YES_AGGRESSIVE;
				CLANG_WARN_UNREACHABLE_CODE = YES;
				CLANG_WARN__DUPLICATE_METHOD_MATCH = YES;
				COPY_PHASE_STRIP = NO;
				DEBUG_INFORMATION_FORMAT = "dwarf-with-dsym";
				ENABLE_NS_ASSERTIONS = NO;
				ENABLE_STRICT_OBJC_MSGSEND = YES;
				GCC_C_LANGUAGE_STANDARD = gnu11;
				GCC_NO_COMMON_BLOCKS = YES;
				GCC_WARN_64_TO_32_BIT_CONVERSION = YES;
				GCC_WARN_ABOUT_RETURN_TYPE = YES_ERROR;
				GCC_WARN_UNDECLARED_SELECTOR = YES;
				GCC_WARN_UNINITIALIZED_AUTOS = YES_AGGRESSIVE;
				GCC_WARN_UNUSED_FUNCTION = YES;
				GCC_WARN_UNUSED_VARIABLE = YES;
				IPHONEOS_DEPLOYMENT_TARGET = 15.2;
				MTL_ENABLE_DEBUG_INFO = NO;
				MTL_FAST_MATH = YES;
				SDKROOT = iphoneos;
				SWIFT_COMPILATION_MODE = wholemodule;
				SWIFT_OPTIMIZATION_LEVEL = "-O";
				VALIDATE_PRODUCT = YES;
			};
			name = Release;
		};
		3A324CA527AD89270026EABD /* Debug */ = {
			isa = XCBuildConfiguration;
			buildSettings = {
				ASSETCATALOG_COMPILER_APPICON_NAME = AppIcon;
				ASSETCATALOG_COMPILER_GLOBAL_ACCENT_COLOR_NAME = AccentColor;
				CODE_SIGN_STYLE = Automatic;
				CURRENT_PROJECT_VERSION = 1;
				DEVELOPMENT_ASSET_PATHS = "\"HandsomeSlider/Preview Content\"";
				DEVELOPMENT_TEAM = CHZ78D7L4T;
				ENABLE_PREVIEWS = YES;
				GENERATE_INFOPLIST_FILE = YES;
				INFOPLIST_KEY_UIApplicationSceneManifest_Generation = YES;
				INFOPLIST_KEY_UIApplicationSupportsIndirectInputEvents = YES;
				INFOPLIST_KEY_UILaunchScreen_Generation = YES;
				INFOPLIST_KEY_UISupportedInterfaceOrientations_iPad = "UIInterfaceOrientationPortrait UIInterfaceOrientationPortraitUpsideDown UIInterfaceOrientationLandscapeLeft UIInterfaceOrientationLandscapeRight";
				INFOPLIST_KEY_UISupportedInterfaceOrientations_iPhone = "UIInterfaceOrientationPortrait UIInterfaceOrientationLandscapeLeft UIInterfaceOrientationLandscapeRight";
				LD_RUNPATH_SEARCH_PATHS = (
					"$(inherited)",
					"@executable_path/Frameworks",
				);
				MARKETING_VERSION = 1.0;
				PRODUCT_BUNDLE_IDENTIFIER = com.antonmartinsson.HandsomeSlider;
				PRODUCT_NAME = "$(TARGET_NAME)";
				SWIFT_EMIT_LOC_STRINGS = YES;
				SWIFT_VERSION = 5.0;
				TARGETED_DEVICE_FAMILY = "1,2";
			};
			name = Debug;
		};
		3A324CA627AD89270026EABD /* Release */ = {
			isa = XCBuildConfiguration;
			buildSettings = {
				ASSETCATALOG_COMPILER_APPICON_NAME = AppIcon;
				ASSETCATALOG_COMPILER_GLOBAL_ACCENT_COLOR_NAME = AccentColor;
				CODE_SIGN_STYLE = Automatic;
				CURRENT_PROJECT_VERSION = 1;
				DEVELOPMENT_ASSET_PATHS = "\"HandsomeSlider/Preview Content\"";
				DEVELOPMENT_TEAM = CHZ78D7L4T;
				ENABLE_PREVIEWS = YES;
				GENERATE_INFOPLIST_FILE = YES;
				INFOPLIST_KEY_UIApplicationSceneManifest_Generation = YES;
				INFOPLIST_KEY_UIApplicationSupportsIndirectInputEvents = YES;
				INFOPLIST_KEY_UILaunchScreen_Generation = YES;
				INFOPLIST_KEY_UISupportedInterfaceOrientations_iPad = "UIInterfaceOrientationPortrait UIInterfaceOrientationPortraitUpsideDown UIInterfaceOrientationLandscapeLeft UIInterfaceOrientationLandscapeRight";
				INFOPLIST_KEY_UISupportedInterfaceOrientations_iPhone = "UIInterfaceOrientationPortrait UIInterfaceOrientationLandscapeLeft UIInterfaceOrientationLandscapeRight";
				LD_RUNPATH_SEARCH_PATHS = (
					"$(inherited)",
					"@executable_path/Frameworks",
				);
				MARKETING_VERSION = 1.0;
				PRODUCT_BUNDLE_IDENTIFIER = com.antonmartinsson.HandsomeSlider;
				PRODUCT_NAME = "$(TARGET_NAME)";
				SWIFT_EMIT_LOC_STRINGS = YES;
				SWIFT_VERSION = 5.0;
				TARGETED_DEVICE_FAMILY = "1,2";
			};
			name = Release;
		};
		3A324CA827AD89270026EABD /* Debug */ = {
			isa = XCBuildConfiguration;
			buildSettings = {
				ALWAYS_EMBED_SWIFT_STANDARD_LIBRARIES = YES;
				BUNDLE_LOADER = "$(TEST_HOST)";
				CODE_SIGN_STYLE = Automatic;
				CURRENT_PROJECT_VERSION = 1;
				DEVELOPMENT_TEAM = CHZ78D7L4T;
				GENERATE_INFOPLIST_FILE = YES;
				IPHONEOS_DEPLOYMENT_TARGET = 15.2;
				MARKETING_VERSION = 1.0;
				PRODUCT_BUNDLE_IDENTIFIER = com.antonmartinsson.HandsomeSliderTests;
				PRODUCT_NAME = "$(TARGET_NAME)";
				SWIFT_EMIT_LOC_STRINGS = NO;
				SWIFT_VERSION = 5.0;
				TARGETED_DEVICE_FAMILY = "1,2";
				TEST_HOST = "$(BUILT_PRODUCTS_DIR)/HandsomeSlider.app/HandsomeSlider";
			};
			name = Debug;
		};
		3A324CA927AD89270026EABD /* Release */ = {
			isa = XCBuildConfiguration;
			buildSettings = {
				ALWAYS_EMBED_SWIFT_STANDARD_LIBRARIES = YES;
				BUNDLE_LOADER = "$(TEST_HOST)";
				CODE_SIGN_STYLE = Automatic;
				CURRENT_PROJECT_VERSION = 1;
				DEVELOPMENT_TEAM = CHZ78D7L4T;
				GENERATE_INFOPLIST_FILE = YES;
				IPHONEOS_DEPLOYMENT_TARGET = 15.2;
				MARKETING_VERSION = 1.0;
				PRODUCT_BUNDLE_IDENTIFIER = com.antonmartinsson.HandsomeSliderTests;
				PRODUCT_NAME = "$(TARGET_NAME)";
				SWIFT_EMIT_LOC_STRINGS = NO;
				SWIFT_VERSION = 5.0;
				TARGETED_DEVICE_FAMILY = "1,2";
				TEST_HOST = "$(BUILT_PRODUCTS_DIR)/HandsomeSlider.app/HandsomeSlider";
			};
			name = Release;
		};
		3A324CAB27AD89270026EABD /* Debug */ = {
			isa = XCBuildConfiguration;
			buildSettings = {
				ALWAYS_EMBED_SWIFT_STANDARD_LIBRARIES = YES;
				CODE_SIGN_STYLE = Automatic;
				CURRENT_PROJECT_VERSION = 1;
				DEVELOPMENT_TEAM = CHZ78D7L4T;
				GENERATE_INFOPLIST_FILE = YES;
				MARKETING_VERSION = 1.0;
				PRODUCT_BUNDLE_IDENTIFIER = com.antonmartinsson.HandsomeSliderUITests;
				PRODUCT_NAME = "$(TARGET_NAME)";
				SWIFT_EMIT_LOC_STRINGS = NO;
				SWIFT_VERSION = 5.0;
				TARGETED_DEVICE_FAMILY = "1,2";
				TEST_TARGET_NAME = HandsomeSlider;
			};
			name = Debug;
		};
		3A324CAC27AD89270026EABD /* Release */ = {
			isa = XCBuildConfiguration;
			buildSettings = {
				ALWAYS_EMBED_SWIFT_STANDARD_LIBRARIES = YES;
				CODE_SIGN_STYLE = Automatic;
				CURRENT_PROJECT_VERSION = 1;
				DEVELOPMENT_TEAM = CHZ78D7L4T;
				GENERATE_INFOPLIST_FILE = YES;
				MARKETING_VERSION = 1.0;
				PRODUCT_BUNDLE_IDENTIFIER = com.antonmartinsson.HandsomeSliderUITests;
				PRODUCT_NAME = "$(TARGET_NAME)";
				SWIFT_EMIT_LOC_STRINGS = NO;
				SWIFT_VERSION = 5.0;
				TARGETED_DEVICE_FAMILY = "1,2";
				TEST_TARGET_NAME = HandsomeSlider;
			};
			name = Release;
		};
/* End XCBuildConfiguration section */

/* Begin XCConfigurationList section */
		3A324C7B27AD89260026EABD /* Build configuration list for PBXProject "HandsomeSlider" */ = {
			isa = XCConfigurationList;
			buildConfigurations = (
				3A324CA227AD89270026EABD /* Debug */,
				3A324CA327AD89270026EABD /* Release */,
			);
			defaultConfigurationIsVisible = 0;
			defaultConfigurationName = Release;
		};
		3A324CA427AD89270026EABD /* Build configuration list for PBXNativeTarget "HandsomeSlider" */ = {
			isa = XCConfigurationList;
			buildConfigurations = (
				3A324CA527AD89270026EABD /* Debug */,
				3A324CA627AD89270026EABD /* Release */,
			);
			defaultConfigurationIsVisible = 0;
			defaultConfigurationName = Release;
		};
		3A324CA727AD89270026EABD /* Build configuration list for PBXNativeTarget "HandsomeSliderTests" */ = {
			isa = XCConfigurationList;
			buildConfigurations = (
				3A324CA827AD89270026EABD /* Debug */,
				3A324CA927AD89270026EABD /* Release */,
			);
			defaultConfigurationIsVisible = 0;
			defaultConfigurationName = Release;
		};
		3A324CAA27AD89270026EABD /* Build configuration list for PBXNativeTarget "HandsomeSliderUITests" */ = {
			isa = XCConfigurationList;
			buildConfigurations = (
				3A324CAB27AD89270026EABD /* Debug */,
				3A324CAC27AD89270026EABD /* Release */,
			);
			defaultConfigurationIsVisible = 0;
			defaultConfigurationName = Release;
		};
/* End XCConfigurationList section */
	};
	rootObject = 3A324C7827AD89260026EABD /* Project object */;
}
